{
  "requires": true,
  "lockfileVersion": 1,
  "dependencies": {
    "assert": {
      "version": "1.4.1",
      "resolved": "https://registry.npmjs.org/assert/-/assert-1.4.1.tgz",
      "integrity": "sha1-mZEtWRg2tab1s0XA8H7vwI/GXZE=",
      "requires": {
        "util": "0.10.3"
      }
    },
    "inherits": {
      "version": "2.0.1",
      "resolved": "https://registry.npmjs.org/inherits/-/inherits-2.0.1.tgz",
      "integrity": "sha1-sX0I0ya0Qj5Wjv9xn5GwscvfafE="
    },
    "typescript": {
      "version": "2.9.2",
      "resolved": "https://registry.npmjs.org/typescript/-/typescript-2.9.2.tgz",
      "integrity": "sha512-Gr4p6nFNaoufRIY4NMdpQRNmgxVIGMs4Fcu/ujdYk3nAZqk7supzBE9idmvfZIlH/Cuj//dvi+019qEue9lV0w=="
    },
    "util": {
      "version": "0.10.3",
      "resolved": "http://registry.npmjs.org/util/-/util-0.10.3.tgz",
      "integrity": "sha1-evsa/lCAUkZInj23/g7TeTNqwPk=",
      "requires": {
        "inherits": "2.0.1"
      }
    },
    "uuid-generator-ts": {
      "version": "1.0.3",
      "resolved": "https://registry.npmjs.org/uuid-generator-ts/-/uuid-generator-ts-1.0.3.tgz",
      "integrity": "sha512-/eunvDUgKYXmWAy9XihWqwW2AaTYkXntw+BmNQfhF9A1KBVPDft78EdHBbQ6ySUMvcJZU8f1aii2Eo+wWWPItA==",
      "requires": {
        "assert": "^1.4.1",
        "typescript": "^2.7.2"
      }
    }
  }
}
